<?xml version="1.0" encoding="UTF-8" standalone="yes" ?>
<CodeBlocks_project_file>
	<FileVersion major="1" minor="6" />
	<Project>
		<Option title="cb_cgdl_rnd" />
		<Option pch_mode="2" />
		<Option compiler="gcc" />
		<Build>
			<Target title="Debug">
				<Option output="..\..\bin\cb_cgdl_rndd" prefix_auto="1" extension_auto="1" />
				<Option working_dir="..\..\bin" />
				<Option object_output="obj\Debug\" />
				<Option type="1" />
				<Option compiler="gcc" />
				<Compiler>
					<Add option="-g" />
				</Compiler>
			</Target>
			<Target title="Release">
				<Option output="bin\Release\cb_cgdl_rnd" prefix_auto="1" extension_auto="1" />
				<Option object_output="obj\Release\" />
				<Option type="1" />
				<Option compiler="gcc" />
				<Compiler>
					<Add option="-O2" />
				</Compiler>
				<Linker>
					<Add option="-s" />
				</Linker>
			</Target>
		</Build>
		<Compiler>
			<Add option="-Wall" />
			<Add directory="..\..\source" />
		</Compiler>
		<Unit filename="tmp_test.cpp" />
		<Unit filename="tmp_test.h" />
		<Unit filename="..\..\source\memory\cgdlMemoryAllocator.h" />
		<Unit filename="..\..\source\memory\cgdlSharedPtr.cpp" />
		<Unit filename="..\..\source\memory\cgdlSharedPtr.h" />
		<Unit filename="..\..\source\memory\cgdlStandardMemoryAllocationPolicy.h" />
		<Unit filename="..\..\source\shared\cgdlCStringUtils.cpp" />
		<Unit filename="..\..\source\shared\cgdlCStringUtils.h" />
		<Unit filename="..\..\source\shared\cgdlCompiler.h" />
		<Unit filename="..\..\source\shared\cgdlIntegers.h" />
		<Unit filename="..\..\source\shared\cgdlMathUtils.h" />
		<Unit filename="..\..\source\test\cgdlTestDummy.cpp" />
		<Unit filename="..\..\source\test\cgdlTestDummy.h" />
		<Extensions>
			<code_completion />
			<envvars />
			<debugger />
		</Extensions>
	</Project>
</CodeBlocks_project_file>
